{
  "name": "webserver-files",
  "version": "1.0.0",
  "lockfileVersion": 1,
  "requires": true,
  "dependencies": {
    "jquery": {
      "version": "3.6.0",
      "resolved": "https://registry.npmjs.org/jquery/-/jquery-3.6.0.tgz",
      "integrity": "sha512-JVzAR/AjBvVt2BmYhxRCSYysDsPcssdmTFnzyLEts9qNwmjmu4JTAMYubEfwVOSwpQ1I1sKKFcxhZCI2buerfw=="
    },
    "tablesorter": {
      "version": "2.31.3",
      "resolved": "https://registry.npmjs.org/tablesorter/-/tablesorter-2.31.3.tgz",
      "integrity": "sha512-ueEzeKiMajDcCWnUoT1dOeNEaS1OmPh9+8J0O2Sjp3TTijMygH74EA9QNJiNkLJqULyNU0RhbKY26UMUq9iurA==",
      "requires": {
        "jquery": ">=1.2.6"
      }
    }
  }
}
