{
  "name": "webserver-files",
  "version": "1.0.0",
  "lockfileVersion": 1,
  "requires": true,
  "dependencies": {
    "bootstrap-darkmode": {
      "version": "0.8.0-beta.1",
      "resolved": "https://registry.npmjs.org/bootstrap-darkmode/-/bootstrap-darkmode-0.8.0-beta.1.tgz",
      "integrity": "sha512-PnQ4pV7h0MJvjMDYhCxih480VdRe6q1s7jgr0LJr1SEmdIqUglDv0QUyC5Ls4C6jPgw/D+XG+bGmF2AhXJGWDA==",
      "requires": {
        "tslib": "^2.2.0"
      }
    },
    "jquery": {
      "version": "3.6.0",
      "resolved": "https://registry.npmjs.org/jquery/-/jquery-3.6.0.tgz",
      "integrity": "sha512-JVzAR/AjBvVt2BmYhxRCSYysDsPcssdmTFnzyLEts9qNwmjmu4JTAMYubEfwVOSwpQ1I1sKKFcxhZCI2buerfw=="
    },
    "lozad": {
      "version": "1.16.0",
      "resolved": "https://registry.npmjs.org/lozad/-/lozad-1.16.0.tgz",
      "integrity": "sha512-JBr9WjvEFeKoyim3svo/gsQPTkgG/mOHJmDctZ/+U9H3ymUuvEkqpn8bdQMFsvTMcyRJrdJkLv0bXqGm0sP72w=="
    },
    "tablesorter": {
      "version": "2.31.3",
      "resolved": "https://registry.npmjs.org/tablesorter/-/tablesorter-2.31.3.tgz",
      "integrity": "sha512-ueEzeKiMajDcCWnUoT1dOeNEaS1OmPh9+8J0O2Sjp3TTijMygH74EA9QNJiNkLJqULyNU0RhbKY26UMUq9iurA==",
      "requires": {
        "jquery": ">=1.2.6"
      }
    },
    "tslib": {
      "version": "2.3.0",
      "resolved": "https://registry.npmjs.org/tslib/-/tslib-2.3.0.tgz",
      "integrity": "sha512-N82ooyxVNm6h1riLCoyS9e3fuJ3AMG2zIZs2Gd1ATcSFjSA23Q0fzjjZeh0jbJvWVDZ0cJT8yaNNaaXHzueNjg=="
    }
  }
}
